// !$*UTF8*$!
{
	archiveVersion = 1;
	classes = {
	};
	objectVersion = 46;
	objects = {

/* Begin PBXBuildFile section */
		13F16B731E6BEE1900E30FE9 /* AppDelegate.swift in Sources */ = {isa = PBXBuildFile; fileRef = 13F16B721E6BEE1900E30FE9 /* AppDelegate.swift */; };
		13F16B751E6BEE1900E30FE9 /* ViewController.swift in Sources */ = {isa = PBXBuildFile; fileRef = 13F16B741E6BEE1900E30FE9 /* ViewController.swift */; };
		13F16B781E6BEE1900E30FE9 /* Main.storyboard in Resources */ = {isa = PBXBuildFile; fileRef = 13F16B761E6BEE1900E30FE9 /* Main.storyboard */; };
		13F16B7A1E6BEE1900E30FE9 /* Assets.xcassets in Resources */ = {isa = PBXBuildFile; fileRef = 13F16B791E6BEE1900E30FE9 /* Assets.xcassets */; };
		13F16B7D1E6BEE1900E30FE9 /* LaunchScreen.storyboard in Resources */ = {isa = PBXBuildFile; fileRef = 13F16B7B1E6BEE1900E30FE9 /* LaunchScreen.storyboard */; };
		E444F650AF936AD77E2A7DB1 /* Pods_InstagramOnParse.framework in Frameworks */ = {isa = PBXBuildFile; fileRef = A9619A71B96DF341098479D7 /* Pods_InstagramOnParse.framework */; };
/* End PBXBuildFile section */

/* Begin PBXFileReference section */
		13F16B6F1E6BEE1900E30FE9 /* InstagramOnParse.app */ = {isa = PBXFileReference; explicitFileType = wrapper.application; includeInIndex = 0; path = InstagramOnParse.app; sourceTree = BUILT_PRODUCTS_DIR; };
		13F16B721E6BEE1900E30FE9 /* AppDelegate.swift */ = {isa = PBXFileReference; lastKnownFileType = sourcecode.swift; path = AppDelegate.swift; sourceTree = "<group>"; };
		13F16B741E6BEE1900E30FE9 /* ViewController.swift */ = {isa = PBXFileReference; lastKnownFileType = sourcecode.swift; path = ViewController.swift; sourceTree = "<group>"; };
		13F16B771E6BEE1900E30FE9 /* Base */ = {isa = PBXFileReference; lastKnownFileType = file.storyboard; name = Base; path = Base.lproj/Main.storyboard; sourceTree = "<group>"; };
		13F16B791E6BEE1900E30FE9 /* Assets.xcassets */ = {isa = PBXFileReference; lastKnownFileType = folder.assetcatalog; path = Assets.xcassets; sourceTree = "<group>"; };
		13F16B7C1E6BEE1900E30FE9 /* Base */ = {isa = PBXFileReference; lastKnownFileType = file.storyboard; name = Base; path = Base.lproj/LaunchScreen.storyboard; sourceTree = "<group>"; };
		13F16B7E1E6BEE1900E30FE9 /* Info.plist */ = {isa = PBXFileReference; lastKnownFileType = text.plist.xml; path = Info.plist; sourceTree = "<group>"; };
		9D69EE0653E442CECA178330 /* Pods-InstagramOnParse.release.xcconfig */ = {isa = PBXFileReference; includeInIndex = 1; lastKnownFileType = text.xcconfig; name = "Pods-InstagramOnParse.release.xcconfig"; path = "Pods/Target Support Files/Pods-InstagramOnParse/Pods-InstagramOnParse.release.xcconfig"; sourceTree = "<group>"; };
		A9619A71B96DF341098479D7 /* Pods_InstagramOnParse.framework */ = {isa = PBXFileReference; explicitFileType = wrapper.framework; includeInIndex = 0; path = Pods_InstagramOnParse.framework; sourceTree = BUILT_PRODUCTS_DIR; };
		EA2DC537E5081D374DB32419 /* Pods-InstagramOnParse.debug.xcconfig */ = {isa = PBXFileReference; includeInIndex = 1; lastKnownFileType = text.xcconfig; name = "Pods-InstagramOnParse.debug.xcconfig"; path = "Pods/Target Support Files/Pods-InstagramOnParse/Pods-InstagramOnParse.debug.xcconfig"; sourceTree = "<group>"; };
/* End PBXFileReference section */

/* Begin PBXFrameworksBuildPhase section */
		13F16B6C1E6BEE1900E30FE9 /* Frameworks */ = {
			isa = PBXFrameworksBuildPhase;
			buildActionMask = 2147483647;
			files = (
				E444F650AF936AD77E2A7DB1 /* Pods_InstagramOnParse.framework in Frameworks */,
			);
			runOnlyForDeploymentPostprocessing = 0;
		};
/* End PBXFrameworksBuildPhase section */

/* Begin PBXGroup section */
		13F16B661E6BEE1900E30FE9 = {
			isa = PBXGroup;
			children = (
				13F16B711E6BEE1900E30FE9 /* InstagramOnParse */,
				13F16B701E6BEE1900E30FE9 /* Products */,
				32BC6835A1897C75192BDA78 /* Pods */,
				188DE6910B7CBD7BBF8DD1F2 /* Frameworks */,
			);
			sourceTree = "<group>";
		};
		13F16B701E6BEE1900E30FE9 /* Products */ = {
			isa = PBXGroup;
			children = (
				13F16B6F1E6BEE1900E30FE9 /* InstagramOnParse.app */,
			);
			name = Products;
			sourceTree = "<group>";
		};
		13F16B711E6BEE1900E30FE9 /* InstagramOnParse */ = {
			isa = PBXGroup;
			children = (
				13F16B721E6BEE1900E30FE9 /* AppDelegate.swift */,
				13F16B741E6BEE1900E30FE9 /* ViewController.swift */,
				13F16B761E6BEE1900E30FE9 /* Main.storyboard */,
				13F16B791E6BEE1900E30FE9 /* Assets.xcassets */,
				13F16B7B1E6BEE1900E30FE9 /* LaunchScreen.storyboard */,
				13F16B7E1E6BEE1900E30FE9 /* Info.plist */,
			);
			path = InstagramOnParse;
			sourceTree = "<group>";
		};
		188DE6910B7CBD7BBF8DD1F2 /* Frameworks */ = {
			isa = PBXGroup;
			children = (
				A9619A71B96DF341098479D7 /* Pods_InstagramOnParse.framework */,
			);
			name = Frameworks;
			sourceTree = "<group>";
		};
		32BC6835A1897C75192BDA78 /* Pods */ = {
			isa = PBXGroup;
			children = (
				EA2DC537E5081D374DB32419 /* Pods-InstagramOnParse.debug.xcconfig */,
				9D69EE0653E442CECA178330 /* Pods-InstagramOnParse.release.xcconfig */,
			);
			name = Pods;
			sourceTree = "<group>";
		};
/* End PBXGroup section */

/* Begin PBXNativeTarget section */
		13F16B6E1E6BEE1900E30FE9 /* InstagramOnParse */ = {
			isa = PBXNativeTarget;
			buildConfigurationList = 13F16B811E6BEE1900E30FE9 /* Build configuration list for PBXNativeTarget "InstagramOnParse" */;
			buildPhases = (
				471961F8B68986AC6341B900 /* [CP] Check Pods Manifest.lock */,
				13F16B6B1E6BEE1900E30FE9 /* Sources */,
				13F16B6C1E6BEE1900E30FE9 /* Frameworks */,
				13F16B6D1E6BEE1900E30FE9 /* Resources */,
				07FBB29B39D0054E4FA6BF05 /* [CP] Embed Pods Frameworks */,
				88D382FAB7F2B805A5E36E74 /* [CP] Copy Pods Resources */,
			);
			buildRules = (
			);
			dependencies = (
			);
			name = InstagramOnParse;
			productName = InstagramOnParse;
			productReference = 13F16B6F1E6BEE1900E30FE9 /* InstagramOnParse.app */;
			productType = "com.apple.product-type.application";
		};
/* End PBXNativeTarget section */

/* Begin PBXProject section */
		13F16B671E6BEE1900E30FE9 /* Project object */ = {
			isa = PBXProject;
			attributes = {
				LastSwiftUpdateCheck = 0820;
				LastUpgradeCheck = 0820;
				TargetAttributes = {
					13F16B6E1E6BEE1900E30FE9 = {
						CreatedOnToolsVersion = 8.2.1;
						ProvisioningStyle = Automatic;
					};
				};
			};
			buildConfigurationList = 13F16B6A1E6BEE1900E30FE9 /* Build configuration list for PBXProject "InstagramOnParse" */;
			compatibilityVersion = "Xcode 3.2";
			developmentRegion = English;
			hasScannedForEncodings = 0;
			knownRegions = (
				en,
				Base,
			);
			mainGroup = 13F16B661E6BEE1900E30FE9;
			productRefGroup = 13F16B701E6BEE1900E30FE9 /* Products */;
			projectDirPath = "";
			projectRoot = "";
			targets = (
				13F16B6E1E6BEE1900E30FE9 /* InstagramOnParse */,
			);
		};
/* End PBXProject section */

/* Begin PBXResourcesBuildPhase section */
		13F16B6D1E6BEE1900E30FE9 /* Resources */ = {
			isa = PBXResourcesBuildPhase;
			buildActionMask = 2147483647;
			files = (
				13F16B7D1E6BEE1900E30FE9 /* LaunchScreen.storyboard in Resources */,
				13F16B7A1E6BEE1900E30FE9 /* Assets.xcassets in Resources */,
				13F16B781E6BEE1900E30FE9 /* Main.storyboard in Resources */,
			);
			runOnlyForDeploymentPostprocessing = 0;
		};
/* End PBXResourcesBuildPhase section */

/* Begin PBXShellScriptBuildPhase section */
		07FBB29B39D0054E4FA6BF05 /* [CP] Embed Pods Frameworks */ = {
			isa = PBXShellScriptBuildPhase;
			buildActionMask = 2147483647;
			files = (
			);
			inputPaths = (
			);
			name = "[CP] Embed Pods Frameworks";
			outputPaths = (
			);
			runOnlyForDeploymentPostprocessing = 0;
			shellPath = /bin/sh;
			shellScript = "\"${SRCROOT}/Pods/Target Support Files/Pods-InstagramOnParse/Pods-InstagramOnParse-frameworks.sh\"\n";
			showEnvVarsInLog = 0;
		};
		471961F8B68986AC6341B900 /* [CP] Check Pods Manifest.lock */ = {
			isa = PBXShellScriptBuildPhase;
			buildActionMask = 2147483647;
			files = (
			);
			inputPaths = (
			);
			name = "[CP] Check Pods Manifest.lock";
			outputPaths = (
			);
			runOnlyForDeploymentPostprocessing = 0;
			shellPath = /bin/sh;
			shellScript = "diff \"${PODS_ROOT}/../Podfile.lock\" \"${PODS_ROOT}/Manifest.lock\" > /dev/null\nif [ $? != 0 ] ; then\n    # print error to STDERR\n    echo \"error: The sandbox is not in sync with the Podfile.lock. Run 'pod install' or update your CocoaPods installation.\" >&2\n    exit 1\nfi\n";
			showEnvVarsInLog = 0;
		};
		88D382FAB7F2B805A5E36E74 /* [CP] Copy Pods Resources */ = {
			isa = PBXShellScriptBuildPhase;
			buildActionMask = 2147483647;
			files = (
			);
			inputPaths = (
			);
			name = "[CP] Copy Pods Resources";
			outputPaths = (
			);
			runOnlyForDeploymentPostprocessing = 0;
			shellPath = /bin/sh;
			shellScript = "\"${SRCROOT}/Pods/Target Support Files/Pods-InstagramOnParse/Pods-InstagramOnParse-resources.sh\"\n";
			showEnvVarsInLog = 0;
		};
/* End PBXShellScriptBuildPhase section */

/* Begin PBXSourcesBuildPhase section */
		13F16B6B1E6BEE1900E30FE9 /* Sources */ = {
			isa = PBXSourcesBuildPhase;
			buildActionMask = 2147483647;
			files = (
				13F16B751E6BEE1900E30FE9 /* ViewController.swift in Sources */,
				13F16B731E6BEE1900E30FE9 /* AppDelegate.swift in Sources */,
			);
			runOnlyForDeploymentPostprocessing = 0;
		};
/* End PBXSourcesBuildPhase section */

/* Begin PBXVariantGroup section */
		13F16B761E6BEE1900E30FE9 /* Main.storyboard */ = {
			isa = PBXVariantGroup;
			children = (
				13F16B771E6BEE1900E30FE9 /* Base */,
			);
			name = Main.storyboard;
			sourceTree = "<group>";
		};
		13F16B7B1E6BEE1900E30FE9 /* LaunchScreen.storyboard */ = {
			isa = PBXVariantGroup;
			children = (
				13F16B7C1E6BEE1900E30FE9 /* Base */,
			);
			name = LaunchScreen.storyboard;
			sourceTree = "<group>";
		};
/* End PBXVariantGroup section */

/* Begin XCBuildConfiguration section */
		13F16B7F1E6BEE1900E30FE9 /* Debug */ = {
			isa = XCBuildConfiguration;
			buildSettings = {
				ALWAYS_SEARCH_USER_PATHS = NO;
				CLANG_ANALYZER_NONNULL = YES;
				CLANG_CXX_LANGUAGE_STANDARD = "gnu++0x";
				CLANG_CXX_LIBRARY = "libc++";
				CLANG_ENABLE_MODULES = YES;
				CLANG_ENABLE_OBJC_ARC = YES;
				CLANG_WARN_BOOL_CONVERSION = YES;
				CLANG_WARN_CONSTANT_CONVERSION = YES;
				CLANG_WARN_DIRECT_OBJC_ISA_USAGE = YES_ERROR;
				CLANG_WARN_DOCUMENTATION_COMMENTS = YES;
				CLANG_WARN_EMPTY_BODY = YES;
				CLANG_WARN_ENUM_CONVERSION = YES;
				CLANG_WARN_INFINITE_RECURSION = YES;
				CLANG_WARN_INT_CONVERSION = YES;
				CLANG_WARN_OBJC_ROOT_CLASS = YES_ERROR;
				CLANG_WARN_SUSPICIOUS_MOVE = YES;
				CLANG_WARN_UNREACHABLE_CODE = YES;
				CLANG_WARN__DUPLICATE_METHOD_MATCH = YES;
				"CODE_SIGN_IDENTITY[sdk=iphoneos*]" = "iPhone Developer";
				COPY_PHASE_STRIP = NO;
				DEBUG_INFORMATION_FORMAT = dwarf;
				ENABLE_STRICT_OBJC_MSGSEND = YES;
				ENABLE_TESTABILITY = YES;
				GCC_C_LANGUAGE_STANDARD = gnu99;
				GCC_DYNAMIC_NO_PIC = NO;
				GCC_NO_COMMON_BLOCKS = YES;
				GCC_OPTIMIZATION_LEVEL = 0;
				GCC_PREPROCESSOR_DEFINITIONS = (
					"DEBUG=1",
					"$(inherited)",
				);
				GCC_WARN_64_TO_32_BIT_CONVERSION = YES;
				GCC_WARN_ABOUT_RETURN_TYPE = YES_ERROR;
				GCC_WARN_UNDECLARED_SELECTOR = YES;
				GCC_WARN_UNINITIALIZED_AUTOS = YES_AGGRESSIVE;
				GCC_WARN_UNUSED_FUNCTION = YES;
				GCC_WARN_UNUSED_VARIABLE = YES;
				IPHONEOS_DEPLOYMENT_TARGET = 10.2;
				MTL_ENABLE_DEBUG_INFO = YES;
				ONLY_ACTIVE_ARCH = YES;
				SDKROOT = iphoneos;
				SWIFT_ACTIVE_COMPILATION_CONDITIONS = DEBUG;
				SWIFT_OPTIMIZATION_LEVEL = "-Onone";
			};
			name = Debug;
		};
		13F16B801E6BEE1900E30FE9 /* Release */ = {
			isa = XCBuildConfiguration;
			buildSettings = {
				ALWAYS_SEARCH_USER_PATHS = NO;
				CLANG_ANALYZER_NONNULL = YES;
				CLANG_CXX_LANGUAGE_STANDARD = "gnu++0x";
				CLANG_CXX_LIBRARY = "libc++";
				CLANG_ENABLE_MODULES = YES;
				CLANG_ENABLE_OBJC_ARC = YES;
				CLANG_WARN_BOOL_CONVERSION = YES;
				CLANG_WARN_CONSTANT_CONVERSION = YES;
				CLANG_WARN_DIRECT_OBJC_ISA_USAGE = YES_ERROR;
				CLANG_WARN_DOCUMENTATION_COMMENTS = YES;
				CLANG_WARN_EMPTY_BODY = YES;
				CLANG_WARN_ENUM_CONVERSION = YES;
				CLANG_WARN_INFINITE_RECURSION = YES;
				CLANG_WARN_INT_CONVERSION = YES;
				CLANG_WARN_OBJC_ROOT_CLASS = YES_ERROR;
				CLANG_WARN_SUSPICIOUS_MOVE = YES;
				CLANG_WARN_UNREACHABLE_CODE = YES;
				CLANG_WARN__DUPLICATE_METHOD_MATCH = YES;
				"CODE_SIGN_IDENTITY[sdk=iphoneos*]" = "iPhone Developer";
				COPY_PHASE_STRIP = NO;
				DEBUG_INFORMATION_FORMAT = "dwarf-with-dsym";
				ENABLE_NS_ASSERTIONS = NO;
				ENABLE_STRICT_OBJC_MSGSEND = YES;
				GCC_C_LANGUAGE_STANDARD = gnu99;
				GCC_NO_COMMON_BLOCKS = YES;
				GCC_WARN_64_TO_32_BIT_CONVERSION = YES;
				GCC_WARN_ABOUT_RETURN_TYPE = YES_ERROR;
				GCC_WARN_UNDECLARED_SELECTOR = YES;
				GCC_WARN_UNINITIALIZED_AUTOS = YES_AGGRESSIVE;
				GCC_WARN_UNUSED_FUNCTION = YES;
				GCC_WARN_UNUSED_VARIABLE = YES;
				IPHONEOS_DEPLOYMENT_TARGET = 10.2;
				MTL_ENABLE_DEBUG_INFO = NO;
				SDKROOT = iphoneos;
				SWIFT_OPTIMIZATION_LEVEL = "-Owholemodule";
				VALIDATE_PRODUCT = YES;
			};
			name = Release;
		};
		13F16B821E6BEE1900E30FE9 /* Debug */ = {
			isa = XCBuildConfiguration;
			baseConfigurationReference = EA2DC537E5081D374DB32419 /* Pods-InstagramOnParse.debug.xcconfig */;
			buildSettings = {
				ASSETCATALOG_COMPILER_APPICON_NAME = AppIcon;
				INFOPLIST_FILE = InstagramOnParse/Info.plist;
				LD_RUNPATH_SEARCH_PATHS = "$(inherited) @executable_path/Frameworks";
				PRODUCT_BUNDLE_IDENTIFIER = Nothing.InstagramOnParse;
				PRODUCT_NAME = "$(TARGET_NAME)";
				SWIFT_VERSION = 3.0;
			};
			name = Debug;
		};
		13F16B831E6BEE1900E30FE9 /* Release */ = {
			isa = XCBuildConfiguration;
			baseConfigurationReference = 9D69EE0653E442CECA178330 /* Pods-InstagramOnParse.release.xcconfig */;
			buildSettings = {
				ASSETCATALOG_COMPILER_APPICON_NAME = AppIcon;
				INFOPLIST_FILE = InstagramOnParse/Info.plist;
				LD_RUNPATH_SEARCH_PATHS = "$(inherited) @executable_path/Frameworks";
				PRODUCT_BUNDLE_IDENTIFIER = Nothing.InstagramOnParse;
				PRODUCT_NAME = "$(TARGET_NAME)";
				SWIFT_VERSION = 3.0;
			};
			name = Release;
		};
/* End XCBuildConfiguration section */

/* Begin XCConfigurationList section */
		13F16B6A1E6BEE1900E30FE9 /* Build configuration list for PBXProject "InstagramOnParse" */ = {
			isa = XCConfigurationList;
			buildConfigurations = (
				13F16B7F1E6BEE1900E30FE9 /* Debug */,
				13F16B801E6BEE1900E30FE9 /* Release */,
			);
			defaultConfigurationIsVisible = 0;
			defaultConfigurationName = Release;
		};
		13F16B811E6BEE1900E30FE9 /* Build configuration list for PBXNativeTarget "InstagramOnParse" */ = {
			isa = XCConfigurationList;
			buildConfigurations = (
				13F16B821E6BEE1900E30FE9 /* Debug */,
				13F16B831E6BEE1900E30FE9 /* Release */,
			);
			defaultConfigurationIsVisible = 0;
		};
/* End XCConfigurationList section */
	};
	rootObject = 13F16B671E6BEE1900E30FE9 /* Project object */;
}
